PODS:
  - FMRuntimeHelpers (0.0.5)

DEPENDENCIES:
  - FMRuntimeHelpers (from `https://github.com/agustindc-rga/FMRuntimeHelpers.git`)

EXTERNAL SOURCES:
  FMRuntimeHelpers:
    :git: https://github.com/agustindc-rga/FMRuntimeHelpers.git

SPEC CHECKSUMS:
  FMRuntimeHelpers: 967275ae023eae11dce0f992c8876995ee06ed06

COCOAPODS: 0.33.1
